// !$*UTF8*$!
{
	archiveVersion = 1;
	classes = {
	};
	objectVersion = 51;
	objects = {

/* Begin PBXBuildFile section */
		552BDCA82441915D0053E870 /* CostomCell.swift in Sources */ = {isa = PBXBuildFile; fileRef = 552BDCA62441915D0053E870 /* CostomCell.swift */; };
		552BDCA92441915D0053E870 /* CostomCell.xib in Resources */ = {isa = PBXBuildFile; fileRef = 552BDCA72441915D0053E870 /* CostomCell.xib */; };
		554A8C14244417A2006992F4 /* GoogleService-Info.plist in Resources */ = {isa = PBXBuildFile; fileRef = 554A8C13244417A2006992F4 /* GoogleService-Info.plist */; };
		55797590245D265C003661E4 /* CheckView.swift in Sources */ = {isa = PBXBuildFile; fileRef = 5579758F245D265C003661E4 /* CheckView.swift */; };
		55797594245D3011003661E4 /* CheckView.xib in Resources */ = {isa = PBXBuildFile; fileRef = 55797593245D3011003661E4 /* CheckView.xib */; };
		55C81377243E1A2F0070F05E /* AppDelegate.swift in Sources */ = {isa = PBXBuildFile; fileRef = 55C81376243E1A2F0070F05E /* AppDelegate.swift */; };
		55C81379243E1A2F0070F05E /* SceneDelegate.swift in Sources */ = {isa = PBXBuildFile; fileRef = 55C81378243E1A2F0070F05E /* SceneDelegate.swift */; };
		55C8137B243E1A2F0070F05E /* HomeViewController.swift in Sources */ = {isa = PBXBuildFile; fileRef = 55C8137A243E1A2F0070F05E /* HomeViewController.swift */; };
		55C8137E243E1A2F0070F05E /* Main.storyboard in Resources */ = {isa = PBXBuildFile; fileRef = 55C8137C243E1A2F0070F05E /* Main.storyboard */; };
		55C81380243E1A350070F05E /* Assets.xcassets in Resources */ = {isa = PBXBuildFile; fileRef = 55C8137F243E1A350070F05E /* Assets.xcassets */; };
		55C81383243E1A350070F05E /* LaunchScreen.storyboard in Resources */ = {isa = PBXBuildFile; fileRef = 55C81381243E1A350070F05E /* LaunchScreen.storyboard */; };
		55E325D4244E98590068537A /* QuizData.swift in Sources */ = {isa = PBXBuildFile; fileRef = 55E325D3244E98590068537A /* QuizData.swift */; };
		55E325D8244F28ED0068537A /* ResultViewController.swift in Sources */ = {isa = PBXBuildFile; fileRef = 55E325D7244F28ED0068537A /* ResultViewController.swift */; };
		55E325DA24528C1E0068537A /* QuizViewController.swift in Sources */ = {isa = PBXBuildFile; fileRef = 55E325D924528C1E0068537A /* QuizViewController.swift */; };
		D9EA5D3A3A7092E20E5C37F5 /* Pods_ZatsugakuQuizApp.framework in Frameworks */ = {isa = PBXBuildFile; fileRef = BB84104CDE0F5924E31B6EC3 /* Pods_ZatsugakuQuizApp.framework */; };
/* End PBXBuildFile section */

/* Begin PBXFileReference section */
		2E8077F99D28A728D7033F55 /* Pods-ZatsugakuQuizApp.release.xcconfig */ = {isa = PBXFileReference; includeInIndex = 1; lastKnownFileType = text.xcconfig; name = "Pods-ZatsugakuQuizApp.release.xcconfig"; path = "Target Support Files/Pods-ZatsugakuQuizApp/Pods-ZatsugakuQuizApp.release.xcconfig"; sourceTree = "<group>"; };
		552BDCA62441915D0053E870 /* CostomCell.swift */ = {isa = PBXFileReference; lastKnownFileType = sourcecode.swift; path = CostomCell.swift; sourceTree = "<group>"; };
		552BDCA72441915D0053E870 /* CostomCell.xib */ = {isa = PBXFileReference; lastKnownFileType = file.xib; path = CostomCell.xib; sourceTree = "<group>"; };
		554A8C13244417A2006992F4 /* GoogleService-Info.plist */ = {isa = PBXFileReference; fileEncoding = 4; lastKnownFileType = text.plist.xml; path = "GoogleService-Info.plist"; sourceTree = "<group>"; };
		5579758F245D265C003661E4 /* CheckView.swift */ = {isa = PBXFileReference; lastKnownFileType = sourcecode.swift; path = CheckView.swift; sourceTree = "<group>"; };
		55797593245D3011003661E4 /* CheckView.xib */ = {isa = PBXFileReference; lastKnownFileType = file.xib; path = CheckView.xib; sourceTree = "<group>"; };
		55C81373243E1A2F0070F05E /* ZatsugakuQuizApp.app */ = {isa = PBXFileReference; explicitFileType = wrapper.application; includeInIndex = 0; path = ZatsugakuQuizApp.app; sourceTree = BUILT_PRODUCTS_DIR; };
		55C81376243E1A2F0070F05E /* AppDelegate.swift */ = {isa = PBXFileReference; lastKnownFileType = sourcecode.swift; path = AppDelegate.swift; sourceTree = "<group>"; };
		55C81378243E1A2F0070F05E /* SceneDelegate.swift */ = {isa = PBXFileReference; lastKnownFileType = sourcecode.swift; path = SceneDelegate.swift; sourceTree = "<group>"; };
		55C8137A243E1A2F0070F05E /* HomeViewController.swift */ = {isa = PBXFileReference; lastKnownFileType = sourcecode.swift; path = HomeViewController.swift; sourceTree = "<group>"; };
		55C8137D243E1A2F0070F05E /* Base */ = {isa = PBXFileReference; lastKnownFileType = file.storyboard; name = Base; path = Base.lproj/Main.storyboard; sourceTree = "<group>"; };
		55C8137F243E1A350070F05E /* Assets.xcassets */ = {isa = PBXFileReference; lastKnownFileType = folder.assetcatalog; path = Assets.xcassets; sourceTree = "<group>"; };
		55C81382243E1A350070F05E /* Base */ = {isa = PBXFileReference; lastKnownFileType = file.storyboard; name = Base; path = Base.lproj/LaunchScreen.storyboard; sourceTree = "<group>"; };
		55C81384243E1A350070F05E /* Info.plist */ = {isa = PBXFileReference; lastKnownFileType = text.plist.xml; path = Info.plist; sourceTree = "<group>"; };
		55E325D3244E98590068537A /* QuizData.swift */ = {isa = PBXFileReference; lastKnownFileType = sourcecode.swift; path = QuizData.swift; sourceTree = "<group>"; };
		55E325D7244F28ED0068537A /* ResultViewController.swift */ = {isa = PBXFileReference; lastKnownFileType = sourcecode.swift; path = ResultViewController.swift; sourceTree = "<group>"; };
		55E325D924528C1E0068537A /* QuizViewController.swift */ = {isa = PBXFileReference; fileEncoding = 4; lastKnownFileType = sourcecode.swift; path = QuizViewController.swift; sourceTree = "<group>"; };
		9147A1CA17EB2B3769912B34 /* Pods-ZatsugakuQuizApp.debug.xcconfig */ = {isa = PBXFileReference; includeInIndex = 1; lastKnownFileType = text.xcconfig; name = "Pods-ZatsugakuQuizApp.debug.xcconfig"; path = "Target Support Files/Pods-ZatsugakuQuizApp/Pods-ZatsugakuQuizApp.debug.xcconfig"; sourceTree = "<group>"; };
		BB84104CDE0F5924E31B6EC3 /* Pods_ZatsugakuQuizApp.framework */ = {isa = PBXFileReference; explicitFileType = wrapper.framework; includeInIndex = 0; path = Pods_ZatsugakuQuizApp.framework; sourceTree = BUILT_PRODUCTS_DIR; };
/* End PBXFileReference section */

/* Begin PBXFrameworksBuildPhase section */
		55C81370243E1A2F0070F05E /* Frameworks */ = {
			isa = PBXFrameworksBuildPhase;
			buildActionMask = 2147483647;
			files = (
				D9EA5D3A3A7092E20E5C37F5 /* Pods_ZatsugakuQuizApp.framework in Frameworks */,
			);
			runOnlyForDeploymentPostprocessing = 0;
		};
/* End PBXFrameworksBuildPhase section */

/* Begin PBXGroup section */
		20C8CAAEE33CE8E8274BF2BB /* Pods */ = {
			isa = PBXGroup;
			children = (
				9147A1CA17EB2B3769912B34 /* Pods-ZatsugakuQuizApp.debug.xcconfig */,
				2E8077F99D28A728D7033F55 /* Pods-ZatsugakuQuizApp.release.xcconfig */,
			);
			path = Pods;
			sourceTree = "<group>";
		};
		552BDCA3244190AF0053E870 /* Model */ = {
			isa = PBXGroup;
			children = (
				55E325D3244E98590068537A /* QuizData.swift */,
			);
			path = Model;
			sourceTree = "<group>";
		};
		552BDCA4244190B40053E870 /* View */ = {
			isa = PBXGroup;
			children = (
				55C8137C243E1A2F0070F05E /* Main.storyboard */,
				552BDCA62441915D0053E870 /* CostomCell.swift */,
				552BDCA72441915D0053E870 /* CostomCell.xib */,
				5579758F245D265C003661E4 /* CheckView.swift */,
				55797593245D3011003661E4 /* CheckView.xib */,
			);
			path = View;
			sourceTree = "<group>";
		};
		552BDCA5244190F70053E870 /* Controller */ = {
			isa = PBXGroup;
			children = (
				55C8137A243E1A2F0070F05E /* HomeViewController.swift */,
				55E325D924528C1E0068537A /* QuizViewController.swift */,
				55E325D7244F28ED0068537A /* ResultViewController.swift */,
				55C81376243E1A2F0070F05E /* AppDelegate.swift */,
				55C81378243E1A2F0070F05E /* SceneDelegate.swift */,
			);
			path = Controller;
			sourceTree = "<group>";
		};
		55C8136A243E1A2F0070F05E = {
			isa = PBXGroup;
			children = (
				55C81375243E1A2F0070F05E /* ZatsugakuQuizApp */,
				55C81374243E1A2F0070F05E /* Products */,
				20C8CAAEE33CE8E8274BF2BB /* Pods */,
				EBC45F2F85F379D809CC37AB /* Frameworks */,
			);
			sourceTree = "<group>";
		};
		55C81374243E1A2F0070F05E /* Products */ = {
			isa = PBXGroup;
			children = (
				55C81373243E1A2F0070F05E /* ZatsugakuQuizApp.app */,
			);
			name = Products;
			sourceTree = "<group>";
		};
		55C81375243E1A2F0070F05E /* ZatsugakuQuizApp */ = {
			isa = PBXGroup;
			children = (
				552BDCA3244190AF0053E870 /* Model */,
				552BDCA4244190B40053E870 /* View */,
				552BDCA5244190F70053E870 /* Controller */,
				55C8137F243E1A350070F05E /* Assets.xcassets */,
				55C81381243E1A350070F05E /* LaunchScreen.storyboard */,
				55C81384243E1A350070F05E /* Info.plist */,
				554A8C13244417A2006992F4 /* GoogleService-Info.plist */,
			);
			path = ZatsugakuQuizApp;
			sourceTree = "<group>";
		};
		EBC45F2F85F379D809CC37AB /* Frameworks */ = {
			isa = PBXGroup;
			children = (
				BB84104CDE0F5924E31B6EC3 /* Pods_ZatsugakuQuizApp.framework */,
			);
			name = Frameworks;
			sourceTree = "<group>";
		};
/* End PBXGroup section */

/* Begin PBXNativeTarget section */
		55C81372243E1A2F0070F05E /* ZatsugakuQuizApp */ = {
			isa = PBXNativeTarget;
			buildConfigurationList = 55C81387243E1A350070F05E /* Build configuration list for PBXNativeTarget "ZatsugakuQuizApp" */;
			buildPhases = (
				8D96272BC202DAD8EC3B97F0 /* [CP] Check Pods Manifest.lock */,
				55C8136F243E1A2F0070F05E /* Sources */,
				55C81370243E1A2F0070F05E /* Frameworks */,
				55C81371243E1A2F0070F05E /* Resources */,
				73C522C7C9E21C7689590914 /* [CP] Embed Pods Frameworks */,
			);
			buildRules = (
			);
			dependencies = (
			);
			name = ZatsugakuQuizApp;
			productName = ZatsugakuQuizApp;
			productReference = 55C81373243E1A2F0070F05E /* ZatsugakuQuizApp.app */;
			productType = "com.apple.product-type.application";
		};
/* End PBXNativeTarget section */

/* Begin PBXProject section */
		55C8136B243E1A2F0070F05E /* Project object */ = {
			isa = PBXProject;
			attributes = {
				LastSwiftUpdateCheck = 1140;
				LastUpgradeCheck = 1140;
				ORGANIZATIONNAME = "神野成紀";
				TargetAttributes = {
					55C81372243E1A2F0070F05E = {
						CreatedOnToolsVersion = 11.4;
					};
				};
			};
			buildConfigurationList = 55C8136E243E1A2F0070F05E /* Build configuration list for PBXProject "ZatsugakuQuizApp" */;
			compatibilityVersion = "Xcode 9.3";
			developmentRegion = en;
			hasScannedForEncodings = 0;
			knownRegions = (
				en,
				Base,
			);
			mainGroup = 55C8136A243E1A2F0070F05E;
			productRefGroup = 55C81374243E1A2F0070F05E /* Products */;
			projectDirPath = "";
			projectRoot = "";
			targets = (
				55C81372243E1A2F0070F05E /* ZatsugakuQuizApp */,
			);
		};
/* End PBXProject section */

/* Begin PBXResourcesBuildPhase section */
		55C81371243E1A2F0070F05E /* Resources */ = {
			isa = PBXResourcesBuildPhase;
			buildActionMask = 2147483647;
			files = (
				552BDCA92441915D0053E870 /* CostomCell.xib in Resources */,
				55C81383243E1A350070F05E /* LaunchScreen.storyboard in Resources */,
				55C81380243E1A350070F05E /* Assets.xcassets in Resources */,
				554A8C14244417A2006992F4 /* GoogleService-Info.plist in Resources */,
				55797594245D3011003661E4 /* CheckView.xib in Resources */,
				55C8137E243E1A2F0070F05E /* Main.storyboard in Resources */,
			);
			runOnlyForDeploymentPostprocessing = 0;
		};
/* End PBXResourcesBuildPhase section */

/* Begin PBXShellScriptBuildPhase section */
		73C522C7C9E21C7689590914 /* [CP] Embed Pods Frameworks */ = {
			isa = PBXShellScriptBuildPhase;
			buildActionMask = 2147483647;
			files = (
			);
			inputFileListPaths = (
				"${PODS_ROOT}/Target Support Files/Pods-ZatsugakuQuizApp/Pods-ZatsugakuQuizApp-frameworks-${CONFIGURATION}-input-files.xcfilelist",
			);
			name = "[CP] Embed Pods Frameworks";
			outputFileListPaths = (
				"${PODS_ROOT}/Target Support Files/Pods-ZatsugakuQuizApp/Pods-ZatsugakuQuizApp-frameworks-${CONFIGURATION}-output-files.xcfilelist",
			);
			runOnlyForDeploymentPostprocessing = 0;
			shellPath = /bin/sh;
			shellScript = "\"${PODS_ROOT}/Target Support Files/Pods-ZatsugakuQuizApp/Pods-ZatsugakuQuizApp-frameworks.sh\"\n";
			showEnvVarsInLog = 0;
		};
		8D96272BC202DAD8EC3B97F0 /* [CP] Check Pods Manifest.lock */ = {
			isa = PBXShellScriptBuildPhase;
			buildActionMask = 2147483647;
			files = (
			);
			inputFileListPaths = (
			);
			inputPaths = (
				"${PODS_PODFILE_DIR_PATH}/Podfile.lock",
				"${PODS_ROOT}/Manifest.lock",
			);
			name = "[CP] Check Pods Manifest.lock";
			outputFileListPaths = (
			);
			outputPaths = (
				"$(DERIVED_FILE_DIR)/Pods-ZatsugakuQuizApp-checkManifestLockResult.txt",
			);
			runOnlyForDeploymentPostprocessing = 0;
			shellPath = /bin/sh;
			shellScript = "diff \"${PODS_PODFILE_DIR_PATH}/Podfile.lock\" \"${PODS_ROOT}/Manifest.lock\" > /dev/null\nif [ $? != 0 ] ; then\n    # print error to STDERR\n    echo \"error: The sandbox is not in sync with the Podfile.lock. Run 'pod install' or update your CocoaPods installation.\" >&2\n    exit 1\nfi\n# This output is used by Xcode 'outputs' to avoid re-running this script phase.\necho \"SUCCESS\" > \"${SCRIPT_OUTPUT_FILE_0}\"\n";
			showEnvVarsInLog = 0;
		};
/* End PBXShellScriptBuildPhase section */

/* Begin PBXSourcesBuildPhase section */
		55C8136F243E1A2F0070F05E /* Sources */ = {
			isa = PBXSourcesBuildPhase;
			buildActionMask = 2147483647;
			files = (
				552BDCA82441915D0053E870 /* CostomCell.swift in Sources */,
				55E325DA24528C1E0068537A /* QuizViewController.swift in Sources */,
				55E325D8244F28ED0068537A /* ResultViewController.swift in Sources */,
				55797590245D265C003661E4 /* CheckView.swift in Sources */,
				55C8137B243E1A2F0070F05E /* HomeViewController.swift in Sources */,
				55C81377243E1A2F0070F05E /* AppDelegate.swift in Sources */,
				55E325D4244E98590068537A /* QuizData.swift in Sources */,
				55C81379243E1A2F0070F05E /* SceneDelegate.swift in Sources */,
			);
			runOnlyForDeploymentPostprocessing = 0;
		};
/* End PBXSourcesBuildPhase section */

/* Begin PBXVariantGroup section */
		55C8137C243E1A2F0070F05E /* Main.storyboard */ = {
			isa = PBXVariantGroup;
			children = (
				55C8137D243E1A2F0070F05E /* Base */,
			);
			name = Main.storyboard;
			sourceTree = "<group>";
		};
		55C81381243E1A350070F05E /* LaunchScreen.storyboard */ = {
			isa = PBXVariantGroup;
			children = (
				55C81382243E1A350070F05E /* Base */,
			);
			name = LaunchScreen.storyboard;
			sourceTree = "<group>";
		};
/* End PBXVariantGroup section */

/* Begin XCBuildConfiguration section */
		55C81385243E1A350070F05E /* Debug */ = {
			isa = XCBuildConfiguration;
			buildSettings = {
				ALWAYS_SEARCH_USER_PATHS = NO;
				CLANG_ANALYZER_NONNULL = YES;
				CLANG_ANALYZER_NUMBER_OBJECT_CONVERSION = YES_AGGRESSIVE;
				CLANG_CXX_LANGUAGE_STANDARD = "gnu++14";
				CLANG_CXX_LIBRARY = "libc++";
				CLANG_ENABLE_MODULES = YES;
				CLANG_ENABLE_OBJC_ARC = YES;
				CLANG_ENABLE_OBJC_WEAK = YES;
				CLANG_WARN_BLOCK_CAPTURE_AUTORELEASING = YES;
				CLANG_WARN_BOOL_CONVERSION = YES;
				CLANG_WARN_COMMA = YES;
				CLANG_WARN_CONSTANT_CONVERSION = YES;
				CLANG_WARN_DEPRECATED_OBJC_IMPLEMENTATIONS = YES;
				CLANG_WARN_DIRECT_OBJC_ISA_USAGE = YES_ERROR;
				CLANG_WARN_DOCUMENTATION_COMMENTS = YES;
				CLANG_WARN_EMPTY_BODY = YES;
				CLANG_WARN_ENUM_CONVERSION = YES;
				CLANG_WARN_INFINITE_RECURSION = YES;
				CLANG_WARN_INT_CONVERSION = YES;
				CLANG_WARN_NON_LITERAL_NULL_CONVERSION = YES;
				CLANG_WARN_OBJC_IMPLICIT_RETAIN_SELF = YES;
				CLANG_WARN_OBJC_LITERAL_CONVERSION = YES;
				CLANG_WARN_OBJC_ROOT_CLASS = YES_ERROR;
				CLANG_WARN_RANGE_LOOP_ANALYSIS = YES;
				CLANG_WARN_STRICT_PROTOTYPES = YES;
				CLANG_WARN_SUSPICIOUS_MOVE = YES;
				CLANG_WARN_UNGUARDED_AVAILABILITY = YES_AGGRESSIVE;
				CLANG_WARN_UNREACHABLE_CODE = YES;
				CLANG_WARN__DUPLICATE_METHOD_MATCH = YES;
				COPY_PHASE_STRIP = NO;
				DEBUG_INFORMATION_FORMAT = dwarf;
				ENABLE_STRICT_OBJC_MSGSEND = YES;
				ENABLE_TESTABILITY = YES;
				GCC_C_LANGUAGE_STANDARD = gnu11;
				GCC_DYNAMIC_NO_PIC = NO;
				GCC_NO_COMMON_BLOCKS = YES;
				GCC_OPTIMIZATION_LEVEL = 0;
				GCC_PREPROCESSOR_DEFINITIONS = (
					"DEBUG=1",
					"$(inherited)",
				);
				GCC_WARN_64_TO_32_BIT_CONVERSION = YES;
				GCC_WARN_ABOUT_RETURN_TYPE = YES_ERROR;
				GCC_WARN_UNDECLARED_SELECTOR = YES;
				GCC_WARN_UNINITIALIZED_AUTOS = YES_AGGRESSIVE;
				GCC_WARN_UNUSED_FUNCTION = YES;
				GCC_WARN_UNUSED_VARIABLE = YES;
				IPHONEOS_DEPLOYMENT_TARGET = 13.4;
				MTL_ENABLE_DEBUG_INFO = INCLUDE_SOURCE;
				MTL_FAST_MATH = YES;
				ONLY_ACTIVE_ARCH = YES;
				SDKROOT = iphoneos;
				SWIFT_ACTIVE_COMPILATION_CONDITIONS = DEBUG;
				SWIFT_OPTIMIZATION_LEVEL = "-Onone";
			};
			name = Debug;
		};
		55C81386243E1A350070F05E /* Release */ = {
			isa = XCBuildConfiguration;
			buildSettings = {
				ALWAYS_SEARCH_USER_PATHS = NO;
				CLANG_ANALYZER_NONNULL = YES;
				CLANG_ANALYZER_NUMBER_OBJECT_CONVERSION = YES_AGGRESSIVE;
				CLANG_CXX_LANGUAGE_STANDARD = "gnu++14";
				CLANG_CXX_LIBRARY = "libc++";
				CLANG_ENABLE_MODULES = YES;
				CLANG_ENABLE_OBJC_ARC = YES;
				CLANG_ENABLE_OBJC_WEAK = YES;
				CLANG_WARN_BLOCK_CAPTURE_AUTORELEASING = YES;
				CLANG_WARN_BOOL_CONVERSION = YES;
				CLANG_WARN_COMMA = YES;
				CLANG_WARN_CONSTANT_CONVERSION = YES;
				CLANG_WARN_DEPRECATED_OBJC_IMPLEMENTATIONS = YES;
				CLANG_WARN_DIRECT_OBJC_ISA_USAGE = YES_ERROR;
				CLANG_WARN_DOCUMENTATION_COMMENTS = YES;
				CLANG_WARN_EMPTY_BODY = YES;
				CLANG_WARN_ENUM_CONVERSION = YES;
				CLANG_WARN_INFINITE_RECURSION = YES;
				CLANG_WARN_INT_CONVERSION = YES;
				CLANG_WARN_NON_LITERAL_NULL_CONVERSION = YES;
				CLANG_WARN_OBJC_IMPLICIT_RETAIN_SELF = YES;
				CLANG_WARN_OBJC_LITERAL_CONVERSION = YES;
				CLANG_WARN_OBJC_ROOT_CLASS = YES_ERROR;
				CLANG_WARN_RANGE_LOOP_ANALYSIS = YES;
				CLANG_WARN_STRICT_PROTOTYPES = YES;
				CLANG_WARN_SUSPICIOUS_MOVE = YES;
				CLANG_WARN_UNGUARDED_AVAILABILITY = YES_AGGRESSIVE;
				CLANG_WARN_UNREACHABLE_CODE = YES;
				CLANG_WARN__DUPLICATE_METHOD_MATCH = YES;
				COPY_PHASE_STRIP = NO;
				DEBUG_INFORMATION_FORMAT = "dwarf-with-dsym";
				ENABLE_NS_ASSERTIONS = NO;
				ENABLE_STRICT_OBJC_MSGSEND = YES;
				GCC_C_LANGUAGE_STANDARD = gnu11;
				GCC_NO_COMMON_BLOCKS = YES;
				GCC_WARN_64_TO_32_BIT_CONVERSION = YES;
				GCC_WARN_ABOUT_RETURN_TYPE = YES_ERROR;
				GCC_WARN_UNDECLARED_SELECTOR = YES;
				GCC_WARN_UNINITIALIZED_AUTOS = YES_AGGRESSIVE;
				GCC_WARN_UNUSED_FUNCTION = YES;
				GCC_WARN_UNUSED_VARIABLE = YES;
				IPHONEOS_DEPLOYMENT_TARGET = 13.4;
				MTL_ENABLE_DEBUG_INFO = NO;
				MTL_FAST_MATH = YES;
				SDKROOT = iphoneos;
				SWIFT_COMPILATION_MODE = wholemodule;
				SWIFT_OPTIMIZATION_LEVEL = "-O";
				VALIDATE_PRODUCT = YES;
			};
			name = Release;
		};
		55C81388243E1A350070F05E /* Debug */ = {
			isa = XCBuildConfiguration;
			baseConfigurationReference = 9147A1CA17EB2B3769912B34 /* Pods-ZatsugakuQuizApp.debug.xcconfig */;
			buildSettings = {
				ASSETCATALOG_COMPILER_APPICON_NAME = AppIcon;
				CODE_SIGN_STYLE = Automatic;
				INFOPLIST_FILE = ZatsugakuQuizApp/Info.plist;
				LD_RUNPATH_SEARCH_PATHS = (
					"$(inherited)",
					"@executable_path/Frameworks",
				);
				PRODUCT_BUNDLE_IDENTIFIER = com.jinn.ZatsugakuQuizApp;
				PRODUCT_NAME = "$(TARGET_NAME)";
				SWIFT_VERSION = 5.0;
				TARGETED_DEVICE_FAMILY = "1,2";
			};
			name = Debug;
		};
		55C81389243E1A350070F05E /* Release */ = {
			isa = XCBuildConfiguration;
			baseConfigurationReference = 2E8077F99D28A728D7033F55 /* Pods-ZatsugakuQuizApp.release.xcconfig */;
			buildSettings = {
				ASSETCATALOG_COMPILER_APPICON_NAME = AppIcon;
				CODE_SIGN_STYLE = Automatic;
				INFOPLIST_FILE = ZatsugakuQuizApp/Info.plist;
				LD_RUNPATH_SEARCH_PATHS = (
					"$(inherited)",
					"@executable_path/Frameworks",
				);
				PRODUCT_BUNDLE_IDENTIFIER = com.jinn.ZatsugakuQuizApp;
				PRODUCT_NAME = "$(TARGET_NAME)";
				SWIFT_VERSION = 5.0;
				TARGETED_DEVICE_FAMILY = "1,2";
			};
			name = Release;
		};
/* End XCBuildConfiguration section */

/* Begin XCConfigurationList section */
		55C8136E243E1A2F0070F05E /* Build configuration list for PBXProject "ZatsugakuQuizApp" */ = {
			isa = XCConfigurationList;
			buildConfigurations = (
				55C81385243E1A350070F05E /* Debug */,
				55C81386243E1A350070F05E /* Release */,
			);
			defaultConfigurationIsVisible = 0;
			defaultConfigurationName = Release;
		};
		55C81387243E1A350070F05E /* Build configuration list for PBXNativeTarget "ZatsugakuQuizApp" */ = {
			isa = XCConfigurationList;
			buildConfigurations = (
				55C81388243E1A350070F05E /* Debug */,
				55C81389243E1A350070F05E /* Release */,
			);
			defaultConfigurationIsVisible = 0;
			defaultConfigurationName = Release;
		};
/* End XCConfigurationList section */
	};
	rootObject = 55C8136B243E1A2F0070F05E /* Project object */;
}
